
Microsoft Visual Studio Solution File, Format Version 12.00
# Visual Studio Version 17
VisualStudioVersion = 17.1.32421.90
MinimumVisualStudioVersion = 10.0.40219.1
Project("{FAE04EC0-301F-11D3-BF4B-00C04F79EFBC}") = "KeyMapper", "KeyMapper\KeyMapper.csproj", "{4BC0D8ED-1F45-427B-AFC2-A8E92E849151}"
	ProjectSection(ProjectDependencies) = postProject
		{0F3BBAE1-1B60-496B-8C4E-BBEB8D4BA4CC} = {0F3BBAE1-1B60-496B-8C4E-BBEB8D4BA4CC}
	EndProjectSection
EndProject
Project("{8BC9CEB8-8B4A-11D0-8D11-00A0C91BC942}") = "KeyMapperHook", "KeyMapperHook\KeyMapperHook.vcxproj", "{0F3BBAE1-1B60-496B-8C4E-BBEB8D4BA4CC}"
EndProject
Project("{2150E333-8FDC-42A3-9474-1A3956D46DE8}") = "Solution Items", "Solution Items", "{B30CC7A8-094D-4AA1-929F-CEC82569D980}"
	ProjectSection(SolutionItems) = preProject
		README.md = README.md
	EndProjectSection
EndProject
Global
	GlobalSection(SolutionConfigurationPlatforms) = preSolution
		Debug|Any CPU = Debug|Any CPU
		Debug|Win32 = Debug|Win32
		Debug|x64 = Debug|x64
		Debug|x86 = Debug|x86
		Release|Any CPU = Release|Any CPU
		Release|Win32 = Release|Win32
		Release|x64 = Release|x64
		Release|x86 = Release|x86
	EndGlobalSection
	GlobalSection(ProjectConfigurationPlatforms) = postSolution
		{4BC0D8ED-1F45-427B-AFC2-A8E92E849151}.Debug|Any CPU.ActiveCfg = Debug|x64
		{4BC0D8ED-1F45-427B-AFC2-A8E92E849151}.Debug|Win32.ActiveCfg = Debug|x64
		{4BC0D8ED-1F45-427B-AFC2-A8E92E849151}.Debug|Win32.Build.0 = Debug|x64
		{4BC0D8ED-1F45-427B-AFC2-A8E92E849151}.Debug|x64.ActiveCfg = Debug|x64
		{4BC0D8ED-1F45-427B-AFC2-A8E92E849151}.Debug|x86.ActiveCfg = Debug|x86
		{4BC0D8ED-1F45-427B-AFC2-A8E92E849151}.Release|Any CPU.ActiveCfg = Release|x64
		{4BC0D8ED-1F45-427B-AFC2-A8E92E849151}.Release|Win32.ActiveCfg = Release|x86
		{4BC0D8ED-1F45-427B-AFC2-A8E92E849151}.Release|Win32.Build.0 = Release|x86
		{4BC0D8ED-1F45-427B-AFC2-A8E92E849151}.Release|x64.ActiveCfg = Release|x64
		{4BC0D8ED-1F45-427B-AFC2-A8E92E849151}.Release|x86.ActiveCfg = Release|x86
		{0F3BBAE1-1B60-496B-8C4E-BBEB8D4BA4CC}.Debug|Any CPU.ActiveCfg = Release|x64
		{0F3BBAE1-1B60-496B-8C4E-BBEB8D4BA4CC}.Debug|Win32.ActiveCfg = Release|Win32
		{0F3BBAE1-1B60-496B-8C4E-BBEB8D4BA4CC}.Debug|x64.ActiveCfg = Release|x64
		{0F3BBAE1-1B60-496B-8C4E-BBEB8D4BA4CC}.Debug|x86.ActiveCfg = Release|Win32
		{0F3BBAE1-1B60-496B-8C4E-BBEB8D4BA4CC}.Release|Any CPU.ActiveCfg = Release|x64
		{0F3BBAE1-1B60-496B-8C4E-BBEB8D4BA4CC}.Release|Any CPU.Build.0 = Release|x64
		{0F3BBAE1-1B60-496B-8C4E-BBEB8D4BA4CC}.Release|Win32.ActiveCfg = Release|Win32
		{0F3BBAE1-1B60-496B-8C4E-BBEB8D4BA4CC}.Release|Win32.Build.0 = Release|Win32
		{0F3BBAE1-1B60-496B-8C4E-BBEB8D4BA4CC}.Release|x64.ActiveCfg = Release|x64
		{0F3BBAE1-1B60-496B-8C4E-BBEB8D4BA4CC}.Release|x64.Build.0 = Release|x64
		{0F3BBAE1-1B60-496B-8C4E-BBEB8D4BA4CC}.Release|x86.ActiveCfg = Release|x64
	EndGlobalSection
	GlobalSection(SolutionProperties) = preSolution
		HideSolutionNode = FALSE
	EndGlobalSection
	GlobalSection(ExtensibilityGlobals) = postSolution
		SolutionGuid = {85F73293-4DAE-42F1-B3CA-5127E115E813}
	EndGlobalSection
EndGlobal
